Microsoft Visual Studio Solution File, Format Version 12.00
# Visual Studio Version 17
VisualStudioVersion = 17.5.2.0
MinimumVisualStudioVersion = 10.0.40219.1
Project("{FAE04EC0-301F-11D3-BF4B-00C04F79EFBC}") = "ReservaInteligente", "ReservaInteligente.csproj", "{42FABF12-1BC2-A952-A349-E27BE641DDA2}"
EndProject
Global
	GlobalSection(SolutionConfigurationPlatforms) = preSolution
		Debug|Any CPU = Debug|Any CPU
		Release|Any CPU = Release|Any CPU
	EndGlobalSection
	GlobalSection(ProjectConfigurationPlatforms) = postSolution
		{42FABF12-1BC2-A952-A349-E27BE641DDA2}.Debug|Any CPU.ActiveCfg = Debug|Any CPU
		{42FABF12-1BC2-A952-A349-E27BE641DDA2}.Debug|Any CPU.Build.0 = Debug|Any CPU
		{42FABF12-1BC2-A952-A349-E27BE641DDA2}.Release|Any CPU.ActiveCfg = Release|Any CPU
		{42FABF12-1BC2-A952-A349-E27BE641DDA2}.Release|Any CPU.Build.0 = Release|Any CPU
	EndGlobalSection
	GlobalSection(SolutionProperties) = preSolution
		HideSolutionNode = FALSE
	EndGlobalSection
	GlobalSection(ExtensibilityGlobals) = postSolution
		SolutionGuid = {824A97B1-E65F-4587-A17D-BFA91B3757E0}
	EndGlobalSection
EndGlobal
